
Microsoft Visual Studio Solution File, Format Version 12.00
# Visual Studio Version 17
VisualStudioVersion = 17.8.34322.80
MinimumVisualStudioVersion = 10.0.40219.1
Project("{FAE04EC0-301F-11D3-BF4B-00C04F79EFBC}") = "PokerParty_SharedDLL", "PokerParty_SharedDLL.csproj", "{016C7BC5-C2ED-4314-82DB-825984933245}"
EndProject
Project("{FAE04EC0-301F-11D3-BF4B-00C04F79EFBC}") = "PokerParty_SharedDLL.Tests", "..\PokerParty_SharedDLL.Tests\PokerParty_SharedDLL.Tests.csproj", "{F946845A-8DF1-46B6-AB75-0561D25BD38D}"
EndProject
Global
	GlobalSection(SolutionConfigurationPlatforms) = preSolution
		Debug|Any CPU = Debug|Any CPU
		Release|Any CPU = Release|Any CPU
	EndGlobalSection
	GlobalSection(ProjectConfigurationPlatforms) = postSolution
		{016C7BC5-C2ED-4314-82DB-825984933245}.Debug|Any CPU.ActiveCfg = Debug|Any CPU
		{016C7BC5-C2ED-4314-82DB-825984933245}.Debug|Any CPU.Build.0 = Debug|Any CPU
		{016C7BC5-C2ED-4314-82DB-825984933245}.Release|Any CPU.ActiveCfg = Release|Any CPU
		{016C7BC5-C2ED-4314-82DB-825984933245}.Release|Any CPU.Build.0 = Release|Any CPU
		{F946845A-8DF1-46B6-AB75-0561D25BD38D}.Debug|Any CPU.ActiveCfg = Debug|Any CPU
		{F946845A-8DF1-46B6-AB75-0561D25BD38D}.Debug|Any CPU.Build.0 = Debug|Any CPU
		{F946845A-8DF1-46B6-AB75-0561D25BD38D}.Release|Any CPU.ActiveCfg = Release|Any CPU
		{F946845A-8DF1-46B6-AB75-0561D25BD38D}.Release|Any CPU.Build.0 = Release|Any CPU
	EndGlobalSection
	GlobalSection(SolutionProperties) = preSolution
		HideSolutionNode = FALSE
	EndGlobalSection
	GlobalSection(ExtensibilityGlobals) = postSolution
		SolutionGuid = {6D4D9E91-78CC-4D61-BBE1-61C7DA02684D}
	EndGlobalSection
EndGlobal
